{
  "name": "douyu-scan-launcher",
  "version": "0.1.0",
  "lockfileVersion": 3,
  "requires": true,
  "packages": {
    "": {
      "name": "douyu-scan-launcher",
      "version": "0.1.0",
      "dependencies": {
        "jimp": "^0.22.12",
        "jsqr": "^1.4.0",
        "puppeteer": "^21.6.1",
        "qrcode-terminal": "^0.12.0"
      }
    }
  }
}
